
Microsoft Visual Studio Solution File, Format Version 12.00
# Visual Studio Version 16
VisualStudioVersion = 16.0.29509.3
MinimumVisualStudioVersion = 10.0.40219.1
Project("{FAE04EC0-301F-11D3-BF4B-00C04F79EFBC}") = "Inheritance", "Inheritance\Inheritance.csproj", "{DC688941-C38A-4D27-B35E-469C7C193B04}"
EndProject
Global
	GlobalSection(SolutionConfigurationPlatforms) = preSolution
		Debug|Any CPU = Debug|Any CPU
		Release|Any CPU = Release|Any CPU
	EndGlobalSection
	GlobalSection(ProjectConfigurationPlatforms) = postSolution
		{DC688941-C38A-4D27-B35E-469C7C193B04}.Debug|Any CPU.ActiveCfg = Debug|Any CPU
		{DC688941-C38A-4D27-B35E-469C7C193B04}.Debug|Any CPU.Build.0 = Debug|Any CPU
		{DC688941-C38A-4D27-B35E-469C7C193B04}.Release|Any CPU.ActiveCfg = Release|Any CPU
		{DC688941-C38A-4D27-B35E-469C7C193B04}.Release|Any CPU.Build.0 = Release|Any CPU
	EndGlobalSection
	GlobalSection(SolutionProperties) = preSolution
		HideSolutionNode = FALSE
	EndGlobalSection
	GlobalSection(ExtensibilityGlobals) = postSolution
		SolutionGuid = {62D50986-F760-41EE-8E32-A1A1A25BBC6F}
	EndGlobalSection
EndGlobal
